<Solution>
  <Project Path="../C# Fundamentals Tasks/Part 1/Task10_MiniCalculator/Task10_MiniCalculator/Task10_MiniCalculator.csproj" />
  <Project Path="../C# Fundamentals Tasks/Part 1/Task11_LoanEligibility/Task11_LoanEligibility/Task11_LoanEligibility.csproj" />
  <Project Path="../C# Fundamentals Tasks/Part 1/Task12_ShippingCost/Task12_ShippingCost/Task12_ShippingCost.csproj" />
  <Project Path="../C# Fundamentals Tasks/Part 1/Task13_TrianglrClassifier/Task13_TrianglrClassifier/Task13_TrianglrClassifier.csproj" />
  <Project Path="../C# Fundamentals Tasks/Part 1/Task14_OnlineStoreCheckout/Task14_OnlineStoreCheckout/Task14_OnlineStoreCheckout.csproj" />
  <Project Path="../C# Fundamentals Tasks/Part 1/Task15_UniversityAdmission/Task15_UniversityAdmission/Task15_UniversityAdmission.csproj" />
  <Project Path="../C# Fundamentals Tasks/Part 1/Task1_PersonalInfoCard/Task 1 (PersonalInfoCard)/Task 1 (PersonalInfoCard).csproj" />
  <Project Path="../C# Fundamentals Tasks/Part 1/Task2_RectangleCalculator/Task2_RectangleCalculator/Task2_RectangleCalculator.csproj" />
  <Project Path="../C# Fundamentals Tasks/Part 1/Task3_EvenOrOdd/Task3_EvenOrOdd/Task3_EvenOrOdd.csproj" />
  <Project Path="../C# Fundamentals Tasks/Part 1/Task4_VotingEligibility/Task4_VotingEligibility/Task4_VotingEligibility.csproj" />
  <Project Path="../C# Fundamentals Tasks/Part 1/Task5_GradeLookup/Task5_GradeLookup/Task5_GradeLookup.csproj" />
  <Project Path="../C# Fundamentals Tasks/Part 1/Task6_TemperatureConversion/Task6_TemperatureConversion/Task6_TemperatureConversion.csproj" />
  <Project Path="../C# Fundamentals Tasks/Part 1/Task7_MovieTickets/Task7_MovieTickets/Task7_MovieTickets.csproj" />
  <Project Path="../C# Fundamentals Tasks/Part 1/Task8_RestaurantBillDiscount/Task8_RestaurantBillDiscount/Task8_RestaurantBillDiscount.csproj" />
  <Project Path="../C# Fundamentals Tasks/Part 1/Task9_DayNameFinder/Task9_DayNameFinder/Task9_DayNameFinder.csproj" />
  <Project Path="../C# Fundamentals Tasks/Part 2/Task 2/Sum_of_Numbers/Sum_of_Numbers.csproj" />
  <Project Path="../C# Fundamentals Tasks/Part 2/Task 3/MultiplicationTable/MultiplicationTable.csproj" />
  <Project Path="../C# Fundamentals Tasks/Part 2/Task 4/PasswordRetry/PasswordRetry.csproj" />
  <Project Path="../C# Fundamentals Tasks/Part 2/Task 5/Number_Guessing_Game/Number_Guessing_Game.csproj" />
  <Project Path="../C# Fundamentals Tasks/Part 2/Task1/Countdown_Timer/Countdown_Timer.csproj" />
  <Project Path="Task1_Absolute_Difference/Task1_Absolute_Difference.csproj" Id="633752ff-cfd8-47a8-b742-976b84b1c271" />
</Solution>
